// !$*UTF8*$!
{
	archiveVersion = 1;
	classes = {
	};
	objectVersion = 50;
	objects = {

/* Begin PBXBuildFile section */
		ED51C89C244592D900AE3BA0 /* AppDelegate.swift in Sources */ = {isa = PBXBuildFile; fileRef = ED51C89B244592D900AE3BA0 /* AppDelegate.swift */; };
		ED51C89E244592D900AE3BA0 /* SceneDelegate.swift in Sources */ = {isa = PBXBuildFile; fileRef = ED51C89D244592D900AE3BA0 /* SceneDelegate.swift */; };
		ED51C8A0244592D900AE3BA0 /* ViewController.swift in Sources */ = {isa = PBXBuildFile; fileRef = ED51C89F244592D900AE3BA0 /* ViewController.swift */; };
		ED51C8A3244592D900AE3BA0 /* Main.storyboard in Resources */ = {isa = PBXBuildFile; fileRef = ED51C8A1244592D900AE3BA0 /* Main.storyboard */; };
		ED51C8A5244592DC00AE3BA0 /* Assets.xcassets in Resources */ = {isa = PBXBuildFile; fileRef = ED51C8A4244592DC00AE3BA0 /* Assets.xcassets */; };
		ED51C8A8244592DC00AE3BA0 /* LaunchScreen.storyboard in Resources */ = {isa = PBXBuildFile; fileRef = ED51C8A6244592DC00AE3BA0 /* LaunchScreen.storyboard */; };
		ED51C8B22445933700AE3BA0 /* Animal.m in Sources */ = {isa = PBXBuildFile; fileRef = ED51C8B12445933700AE3BA0 /* Animal.m */; };
/* End PBXBuildFile section */

/* Begin PBXFileReference section */
		ED51C898244592D900AE3BA0 /* GeneratedInterface.app */ = {isa = PBXFileReference; explicitFileType = wrapper.application; includeInIndex = 0; path = GeneratedInterface.app; sourceTree = BUILT_PRODUCTS_DIR; };
		ED51C89B244592D900AE3BA0 /* AppDelegate.swift */ = {isa = PBXFileReference; lastKnownFileType = sourcecode.swift; path = AppDelegate.swift; sourceTree = "<group>"; };
		ED51C89D244592D900AE3BA0 /* SceneDelegate.swift */ = {isa = PBXFileReference; lastKnownFileType = sourcecode.swift; path = SceneDelegate.swift; sourceTree = "<group>"; };
		ED51C89F244592D900AE3BA0 /* ViewController.swift */ = {isa = PBXFileReference; lastKnownFileType = sourcecode.swift; path = ViewController.swift; sourceTree = "<group>"; };
		ED51C8A2244592D900AE3BA0 /* Base */ = {isa = PBXFileReference; lastKnownFileType = file.storyboard; name = Base; path = Base.lproj/Main.storyboard; sourceTree = "<group>"; };
		ED51C8A4244592DC00AE3BA0 /* Assets.xcassets */ = {isa = PBXFileReference; lastKnownFileType = folder.assetcatalog; path = Assets.xcassets; sourceTree = "<group>"; };
		ED51C8A7244592DC00AE3BA0 /* Base */ = {isa = PBXFileReference; lastKnownFileType = file.storyboard; name = Base; path = Base.lproj/LaunchScreen.storyboard; sourceTree = "<group>"; };
		ED51C8A9244592DC00AE3BA0 /* Info.plist */ = {isa = PBXFileReference; lastKnownFileType = text.plist.xml; path = Info.plist; sourceTree = "<group>"; };
		ED51C8AF2445933700AE3BA0 /* GeneratedInterface-Bridging-Header.h */ = {isa = PBXFileReference; lastKnownFileType = sourcecode.c.h; path = "GeneratedInterface-Bridging-Header.h"; sourceTree = "<group>"; };
		ED51C8B02445933700AE3BA0 /* Animal.h */ = {isa = PBXFileReference; lastKnownFileType = sourcecode.c.h; path = Animal.h; sourceTree = "<group>"; };
		ED51C8B12445933700AE3BA0 /* Animal.m */ = {isa = PBXFileReference; lastKnownFileType = sourcecode.c.objc; path = Animal.m; sourceTree = "<group>"; };
/* End PBXFileReference section */

/* Begin PBXFrameworksBuildPhase section */
		ED51C895244592D900AE3BA0 /* Frameworks */ = {
			isa = PBXFrameworksBuildPhase;
			buildActionMask = 2147483647;
			files = (
			);
			runOnlyForDeploymentPostprocessing = 0;
		};
/* End PBXFrameworksBuildPhase section */

/* Begin PBXGroup section */
		ED51C88F244592D900AE3BA0 = {
			isa = PBXGroup;
			children = (
				ED51C89A244592D900AE3BA0 /* GeneratedInterface */,
				ED51C899244592D900AE3BA0 /* Products */,
			);
			sourceTree = "<group>";
		};
		ED51C899244592D900AE3BA0 /* Products */ = {
			isa = PBXGroup;
			children = (
				ED51C898244592D900AE3BA0 /* GeneratedInterface.app */,
			);
			name = Products;
			sourceTree = "<group>";
		};
		ED51C89A244592D900AE3BA0 /* GeneratedInterface */ = {
			isa = PBXGroup;
			children = (
				ED51C89B244592D900AE3BA0 /* AppDelegate.swift */,
				ED51C89D244592D900AE3BA0 /* SceneDelegate.swift */,
				ED51C89F244592D900AE3BA0 /* ViewController.swift */,
				ED51C8B02445933700AE3BA0 /* Animal.h */,
				ED51C8B12445933700AE3BA0 /* Animal.m */,
				ED51C8A1244592D900AE3BA0 /* Main.storyboard */,
				ED51C8A4244592DC00AE3BA0 /* Assets.xcassets */,
				ED51C8A6244592DC00AE3BA0 /* LaunchScreen.storyboard */,
				ED51C8A9244592DC00AE3BA0 /* Info.plist */,
				ED51C8AF2445933700AE3BA0 /* GeneratedInterface-Bridging-Header.h */,
			);
			path = GeneratedInterface;
			sourceTree = "<group>";
		};
/* End PBXGroup section */

/* Begin PBXNativeTarget section */
		ED51C897244592D900AE3BA0 /* GeneratedInterface */ = {
			isa = PBXNativeTarget;
			buildConfigurationList = ED51C8AC244592DC00AE3BA0 /* Build configuration list for PBXNativeTarget "GeneratedInterface" */;
			buildPhases = (
				ED51C894244592D900AE3BA0 /* Sources */,
				ED51C895244592D900AE3BA0 /* Frameworks */,
				ED51C896244592D900AE3BA0 /* Resources */,
			);
			buildRules = (
			);
			dependencies = (
			);
			name = GeneratedInterface;
			productName = GeneratedInterface;
			productReference = ED51C898244592D900AE3BA0 /* GeneratedInterface.app */;
			productType = "com.apple.product-type.application";
		};
/* End PBXNativeTarget section */

/* Begin PBXProject section */
		ED51C890244592D900AE3BA0 /* Project object */ = {
			isa = PBXProject;
			attributes = {
				LastSwiftUpdateCheck = 1140;
				LastUpgradeCheck = 1140;
				ORGANIZATIONNAME = Swiftify;
				TargetAttributes = {
					ED51C897244592D900AE3BA0 = {
						CreatedOnToolsVersion = 11.4;
						LastSwiftMigration = 1140;
					};
				};
			};
			buildConfigurationList = ED51C893244592D900AE3BA0 /* Build configuration list for PBXProject "GeneratedInterface" */;
			compatibilityVersion = "Xcode 9.3";
			developmentRegion = en;
			hasScannedForEncodings = 0;
			knownRegions = (
				en,
				Base,
			);
			mainGroup = ED51C88F244592D900AE3BA0;
			productRefGroup = ED51C899244592D900AE3BA0 /* Products */;
			projectDirPath = "";
			projectRoot = "";
			targets = (
				ED51C897244592D900AE3BA0 /* GeneratedInterface */,
			);
		};
/* End PBXProject section */

/* Begin PBXResourcesBuildPhase section */
		ED51C896244592D900AE3BA0 /* Resources */ = {
			isa = PBXResourcesBuildPhase;
			buildActionMask = 2147483647;
			files = (
				ED51C8A8244592DC00AE3BA0 /* LaunchScreen.storyboard in Resources */,
				ED51C8A5244592DC00AE3BA0 /* Assets.xcassets in Resources */,
				ED51C8A3244592D900AE3BA0 /* Main.storyboard in Resources */,
			);
			runOnlyForDeploymentPostprocessing = 0;
		};
/* End PBXResourcesBuildPhase section */

/* Begin PBXSourcesBuildPhase section */
		ED51C894244592D900AE3BA0 /* Sources */ = {
			isa = PBXSourcesBuildPhase;
			buildActionMask = 2147483647;
			files = (
				ED51C8A0244592D900AE3BA0 /* ViewController.swift in Sources */,
				ED51C8B22445933700AE3BA0 /* Animal.m in Sources */,
				ED51C89C244592D900AE3BA0 /* AppDelegate.swift in Sources */,
				ED51C89E244592D900AE3BA0 /* SceneDelegate.swift in Sources */,
			);
			runOnlyForDeploymentPostprocessing = 0;
		};
/* End PBXSourcesBuildPhase section */

/* Begin PBXVariantGroup section */
		ED51C8A1244592D900AE3BA0 /* Main.storyboard */ = {
			isa = PBXVariantGroup;
			children = (
				ED51C8A2244592D900AE3BA0 /* Base */,
			);
			name = Main.storyboard;
			sourceTree = "<group>";
		};
		ED51C8A6244592DC00AE3BA0 /* LaunchScreen.storyboard */ = {
			isa = PBXVariantGroup;
			children = (
				ED51C8A7244592DC00AE3BA0 /* Base */,
			);
			name = LaunchScreen.storyboard;
			sourceTree = "<group>";
		};
/* End PBXVariantGroup section */

/* Begin XCBuildConfiguration section */
		ED51C8AA244592DC00AE3BA0 /* Debug */ = {
			isa = XCBuildConfiguration;
			buildSettings = {
				ALWAYS_SEARCH_USER_PATHS = NO;
				CLANG_ANALYZER_NONNULL = YES;
				CLANG_ANALYZER_NUMBER_OBJECT_CONVERSION = YES_AGGRESSIVE;
				CLANG_CXX_LANGUAGE_STANDARD = "gnu++14";
				CLANG_CXX_LIBRARY = "libc++";
				CLANG_ENABLE_MODULES = YES;
				CLANG_ENABLE_OBJC_ARC = YES;
				CLANG_ENABLE_OBJC_WEAK = YES;
				CLANG_WARN_BLOCK_CAPTURE_AUTORELEASING = YES;
				CLANG_WARN_BOOL_CONVERSION = YES;
				CLANG_WARN_COMMA = YES;
				CLANG_WARN_CONSTANT_CONVERSION = YES;
				CLANG_WARN_DEPRECATED_OBJC_IMPLEMENTATIONS = YES;
				CLANG_WARN_DIRECT_OBJC_ISA_USAGE = YES_ERROR;
				CLANG_WARN_DOCUMENTATION_COMMENTS = YES;
				CLANG_WARN_EMPTY_BODY = YES;
				CLANG_WARN_ENUM_CONVERSION = YES;
				CLANG_WARN_INFINITE_RECURSION = YES;
				CLANG_WARN_INT_CONVERSION = YES;
				CLANG_WARN_NON_LITERAL_NULL_CONVERSION = YES;
				CLANG_WARN_OBJC_IMPLICIT_RETAIN_SELF = YES;
				CLANG_WARN_OBJC_LITERAL_CONVERSION = YES;
				CLANG_WARN_OBJC_ROOT_CLASS = YES_ERROR;
				CLANG_WARN_RANGE_LOOP_ANALYSIS = YES;
				CLANG_WARN_STRICT_PROTOTYPES = YES;
				CLANG_WARN_SUSPICIOUS_MOVE = YES;
				CLANG_WARN_UNGUARDED_AVAILABILITY = YES_AGGRESSIVE;
				CLANG_WARN_UNREACHABLE_CODE = YES;
				CLANG_WARN__DUPLICATE_METHOD_MATCH = YES;
				COPY_PHASE_STRIP = NO;
				DEBUG_INFORMATION_FORMAT = dwarf;
				ENABLE_STRICT_OBJC_MSGSEND = YES;
				ENABLE_TESTABILITY = YES;
				GCC_C_LANGUAGE_STANDARD = gnu11;
				GCC_DYNAMIC_NO_PIC = NO;
				GCC_NO_COMMON_BLOCKS = YES;
				GCC_OPTIMIZATION_LEVEL = 0;
				GCC_PREPROCESSOR_DEFINITIONS = (
					"DEBUG=1",
					"$(inherited)",
				);
				GCC_WARN_64_TO_32_BIT_CONVERSION = YES;
				GCC_WARN_ABOUT_RETURN_TYPE = YES_ERROR;
				GCC_WARN_UNDECLARED_SELECTOR = YES;
				GCC_WARN_UNINITIALIZED_AUTOS = YES_AGGRESSIVE;
				GCC_WARN_UNUSED_FUNCTION = YES;
				GCC_WARN_UNUSED_VARIABLE = YES;
				IPHONEOS_DEPLOYMENT_TARGET = 13.4;
				MTL_ENABLE_DEBUG_INFO = INCLUDE_SOURCE;
				MTL_FAST_MATH = YES;
				ONLY_ACTIVE_ARCH = YES;
				SDKROOT = iphoneos;
				SWIFT_ACTIVE_COMPILATION_CONDITIONS = DEBUG;
				SWIFT_OPTIMIZATION_LEVEL = "-Onone";
			};
			name = Debug;
		};
		ED51C8AB244592DC00AE3BA0 /* Release */ = {
			isa = XCBuildConfiguration;
			buildSettings = {
				ALWAYS_SEARCH_USER_PATHS = NO;
				CLANG_ANALYZER_NONNULL = YES;
				CLANG_ANALYZER_NUMBER_OBJECT_CONVERSION = YES_AGGRESSIVE;
				CLANG_CXX_LANGUAGE_STANDARD = "gnu++14";
				CLANG_CXX_LIBRARY = "libc++";
				CLANG_ENABLE_MODULES = YES;
				CLANG_ENABLE_OBJC_ARC = YES;
				CLANG_ENABLE_OBJC_WEAK = YES;
				CLANG_WARN_BLOCK_CAPTURE_AUTORELEASING = YES;
				CLANG_WARN_BOOL_CONVERSION = YES;
				CLANG_WARN_COMMA = YES;
				CLANG_WARN_CONSTANT_CONVERSION = YES;
				CLANG_WARN_DEPRECATED_OBJC_IMPLEMENTATIONS = YES;
				CLANG_WARN_DIRECT_OBJC_ISA_USAGE = YES_ERROR;
				CLANG_WARN_DOCUMENTATION_COMMENTS = YES;
				CLANG_WARN_EMPTY_BODY = YES;
				CLANG_WARN_ENUM_CONVERSION = YES;
				CLANG_WARN_INFINITE_RECURSION = YES;
				CLANG_WARN_INT_CONVERSION = YES;
				CLANG_WARN_NON_LITERAL_NULL_CONVERSION = YES;
				CLANG_WARN_OBJC_IMPLICIT_RETAIN_SELF = YES;
				CLANG_WARN_OBJC_LITERAL_CONVERSION = YES;
				CLANG_WARN_OBJC_ROOT_CLASS = YES_ERROR;
				CLANG_WARN_RANGE_LOOP_ANALYSIS = YES;
				CLANG_WARN_STRICT_PROTOTYPES = YES;
				CLANG_WARN_SUSPICIOUS_MOVE = YES;
				CLANG_WARN_UNGUARDED_AVAILABILITY = YES_AGGRESSIVE;
				CLANG_WARN_UNREACHABLE_CODE = YES;
				CLANG_WARN__DUPLICATE_METHOD_MATCH = YES;
				COPY_PHASE_STRIP = NO;
				DEBUG_INFORMATION_FORMAT = "dwarf-with-dsym";
				ENABLE_NS_ASSERTIONS = NO;
				ENABLE_STRICT_OBJC_MSGSEND = YES;
				GCC_C_LANGUAGE_STANDARD = gnu11;
				GCC_NO_COMMON_BLOCKS = YES;
				GCC_WARN_64_TO_32_BIT_CONVERSION = YES;
				GCC_WARN_ABOUT_RETURN_TYPE = YES_ERROR;
				GCC_WARN_UNDECLARED_SELECTOR = YES;
				GCC_WARN_UNINITIALIZED_AUTOS = YES_AGGRESSIVE;
				GCC_WARN_UNUSED_FUNCTION = YES;
				GCC_WARN_UNUSED_VARIABLE = YES;
				IPHONEOS_DEPLOYMENT_TARGET = 13.4;
				MTL_ENABLE_DEBUG_INFO = NO;
				MTL_FAST_MATH = YES;
				SDKROOT = iphoneos;
				SWIFT_COMPILATION_MODE = wholemodule;
				SWIFT_OPTIMIZATION_LEVEL = "-O";
				VALIDATE_PRODUCT = YES;
			};
			name = Release;
		};
		ED51C8AD244592DC00AE3BA0 /* Debug */ = {
			isa = XCBuildConfiguration;
			buildSettings = {
				ASSETCATALOG_COMPILER_APPICON_NAME = AppIcon;
				CLANG_ENABLE_MODULES = YES;
				CODE_SIGN_STYLE = Automatic;
				DEVELOPMENT_TEAM = RP4PNYFADM;
				INFOPLIST_FILE = GeneratedInterface/Info.plist;
				LD_RUNPATH_SEARCH_PATHS = (
					"$(inherited)",
					"@executable_path/Frameworks",
				);
				PRODUCT_BUNDLE_IDENTIFIER = com.swiftify.test.GeneratedInterface;
				PRODUCT_NAME = "$(TARGET_NAME)";
				SWIFT_OBJC_BRIDGING_HEADER = "GeneratedInterface/GeneratedInterface-Bridging-Header.h";
				SWIFT_OPTIMIZATION_LEVEL = "-Onone";
				SWIFT_VERSION = 5.0;
				TARGETED_DEVICE_FAMILY = "1,2";
			};
			name = Debug;
		};
		ED51C8AE244592DC00AE3BA0 /* Release */ = {
			isa = XCBuildConfiguration;
			buildSettings = {
				ASSETCATALOG_COMPILER_APPICON_NAME = AppIcon;
				CLANG_ENABLE_MODULES = YES;
				CODE_SIGN_STYLE = Automatic;
				DEVELOPMENT_TEAM = RP4PNYFADM;
				INFOPLIST_FILE = GeneratedInterface/Info.plist;
				LD_RUNPATH_SEARCH_PATHS = (
					"$(inherited)",
					"@executable_path/Frameworks",
				);
				PRODUCT_BUNDLE_IDENTIFIER = com.swiftify.test.GeneratedInterface;
				PRODUCT_NAME = "$(TARGET_NAME)";
				SWIFT_OBJC_BRIDGING_HEADER = "GeneratedInterface/GeneratedInterface-Bridging-Header.h";
				SWIFT_VERSION = 5.0;
				TARGETED_DEVICE_FAMILY = "1,2";
			};
			name = Release;
		};
/* End XCBuildConfiguration section */

/* Begin XCConfigurationList section */
		ED51C893244592D900AE3BA0 /* Build configuration list for PBXProject "GeneratedInterface" */ = {
			isa = XCConfigurationList;
			buildConfigurations = (
				ED51C8AA244592DC00AE3BA0 /* Debug */,
				ED51C8AB244592DC00AE3BA0 /* Release */,
			);
			defaultConfigurationIsVisible = 0;
			defaultConfigurationName = Release;
		};
		ED51C8AC244592DC00AE3BA0 /* Build configuration list for PBXNativeTarget "GeneratedInterface" */ = {
			isa = XCConfigurationList;
			buildConfigurations = (
				ED51C8AD244592DC00AE3BA0 /* Debug */,
				ED51C8AE244592DC00AE3BA0 /* Release */,
			);
			defaultConfigurationIsVisible = 0;
			defaultConfigurationName = Release;
		};
/* End XCConfigurationList section */
	};
	rootObject = ED51C890244592D900AE3BA0 /* Project object */;
}
